
Microsoft Visual Studio Solution File, Format Version 12.00
# Visual Studio Version 17
VisualStudioVersion = 17.0.31521.260
MinimumVisualStudioVersion = 10.0.40219.1
Project("{FAE04EC0-301F-11D3-BF4B-00C04F79EFBC}") = "Dictionary", "Dictionary.csproj", "{39ABDE77-F684-466D-B685-E5B7BECBF8DE}"
EndProject
Global
	GlobalSection(SolutionConfigurationPlatforms) = preSolution
		Debug|Any CPU = Debug|Any CPU
		Release|Any CPU = Release|Any CPU
	EndGlobalSection
	GlobalSection(ProjectConfigurationPlatforms) = postSolution
		{39ABDE77-F684-466D-B685-E5B7BECBF8DE}.Debug|Any CPU.ActiveCfg = Debug|Any CPU
		{39ABDE77-F684-466D-B685-E5B7BECBF8DE}.Debug|Any CPU.Build.0 = Debug|Any CPU
		{39ABDE77-F684-466D-B685-E5B7BECBF8DE}.Release|Any CPU.ActiveCfg = Release|Any CPU
		{39ABDE77-F684-466D-B685-E5B7BECBF8DE}.Release|Any CPU.Build.0 = Release|Any CPU
	EndGlobalSection
	GlobalSection(SolutionProperties) = preSolution
		HideSolutionNode = FALSE
	EndGlobalSection
	GlobalSection(ExtensibilityGlobals) = postSolution
		SolutionGuid = {97D235A1-7BD5-4527-A3A3-3175940D02CC}
	EndGlobalSection
EndGlobal
